
Microsoft Visual Studio Solution File, Format Version 12.00
# Visual Studio Version 16
VisualStudioVersion = 16.0.31129.286
MinimumVisualStudioVersion = 10.0.40219.1
Project("{FAE04EC0-301F-11D3-BF4B-00C04F79EFBC}") = "FlexiSourceTestApp", "FlexiSourceTestApp\FlexiSourceTestApp.csproj", "{79E3383C-515B-487C-B05E-A72DE705437A}"
EndProject
Project("{FAE04EC0-301F-11D3-BF4B-00C04F79EFBC}") = "FlexiSourceTestApp.Common", "FlexiSourceTestApp.Common\FlexiSourceTestApp.Common.csproj", "{8E81D365-91E4-415F-BC4B-C7FDA3A3EA78}"
EndProject
Project("{FAE04EC0-301F-11D3-BF4B-00C04F79EFBC}") = "FlexiSourceTestApp.Service", "FlexiSourceTestApp.Service\FlexiSourceTestApp.Service.csproj", "{E02533C6-1D8C-4D4B-8053-6F7EF21D293E}"
EndProject
Project("{FAE04EC0-301F-11D3-BF4B-00C04F79EFBC}") = "FlexiSourceTestApp.Test", "FlexiSourceTestApp.Test\FlexiSourceTestApp.Test.csproj", "{08300391-ADD8-40EF-9A13-C9D04EE278DD}"
EndProject
Global
	GlobalSection(SolutionConfigurationPlatforms) = preSolution
		Debug|Any CPU = Debug|Any CPU
		Release|Any CPU = Release|Any CPU
	EndGlobalSection
	GlobalSection(ProjectConfigurationPlatforms) = postSolution
		{79E3383C-515B-487C-B05E-A72DE705437A}.Debug|Any CPU.ActiveCfg = Debug|Any CPU
		{79E3383C-515B-487C-B05E-A72DE705437A}.Debug|Any CPU.Build.0 = Debug|Any CPU
		{79E3383C-515B-487C-B05E-A72DE705437A}.Release|Any CPU.ActiveCfg = Release|Any CPU
		{79E3383C-515B-487C-B05E-A72DE705437A}.Release|Any CPU.Build.0 = Release|Any CPU
		{8E81D365-91E4-415F-BC4B-C7FDA3A3EA78}.Debug|Any CPU.ActiveCfg = Debug|Any CPU
		{8E81D365-91E4-415F-BC4B-C7FDA3A3EA78}.Debug|Any CPU.Build.0 = Debug|Any CPU
		{8E81D365-91E4-415F-BC4B-C7FDA3A3EA78}.Release|Any CPU.ActiveCfg = Release|Any CPU
		{8E81D365-91E4-415F-BC4B-C7FDA3A3EA78}.Release|Any CPU.Build.0 = Release|Any CPU
		{E02533C6-1D8C-4D4B-8053-6F7EF21D293E}.Debug|Any CPU.ActiveCfg = Debug|Any CPU
		{E02533C6-1D8C-4D4B-8053-6F7EF21D293E}.Debug|Any CPU.Build.0 = Debug|Any CPU
		{E02533C6-1D8C-4D4B-8053-6F7EF21D293E}.Release|Any CPU.ActiveCfg = Release|Any CPU
		{E02533C6-1D8C-4D4B-8053-6F7EF21D293E}.Release|Any CPU.Build.0 = Release|Any CPU
		{08300391-ADD8-40EF-9A13-C9D04EE278DD}.Debug|Any CPU.ActiveCfg = Debug|Any CPU
		{08300391-ADD8-40EF-9A13-C9D04EE278DD}.Debug|Any CPU.Build.0 = Debug|Any CPU
		{08300391-ADD8-40EF-9A13-C9D04EE278DD}.Release|Any CPU.ActiveCfg = Release|Any CPU
		{08300391-ADD8-40EF-9A13-C9D04EE278DD}.Release|Any CPU.Build.0 = Release|Any CPU
	EndGlobalSection
	GlobalSection(SolutionProperties) = preSolution
		HideSolutionNode = FALSE
	EndGlobalSection
	GlobalSection(ExtensibilityGlobals) = postSolution
		SolutionGuid = {50026DF3-F025-40F8-B2E1-ACEA500C2D5B}
	EndGlobalSection
EndGlobal
